
Microsoft Visual Studio Solution File, Format Version 12.00
# Visual Studio Version 17
VisualStudioVersion = 17.1.32421.90
MinimumVisualStudioVersion = 10.0.40219.1
Project("{FAE04EC0-301F-11D3-BF4B-00C04F79EFBC}") = "Bordered_Magic_Square", "Bordered_Magic_Square.csproj", "{15B05CD3-677B-4F41-81F7-7D873BB88AA0}"
EndProject
Global
	GlobalSection(SolutionConfigurationPlatforms) = preSolution
		Debug|Any CPU = Debug|Any CPU
		Release|Any CPU = Release|Any CPU
	EndGlobalSection
	GlobalSection(ProjectConfigurationPlatforms) = postSolution
		{15B05CD3-677B-4F41-81F7-7D873BB88AA0}.Debug|Any CPU.ActiveCfg = Debug|Any CPU
		{15B05CD3-677B-4F41-81F7-7D873BB88AA0}.Debug|Any CPU.Build.0 = Debug|Any CPU
		{15B05CD3-677B-4F41-81F7-7D873BB88AA0}.Release|Any CPU.ActiveCfg = Release|Any CPU
		{15B05CD3-677B-4F41-81F7-7D873BB88AA0}.Release|Any CPU.Build.0 = Release|Any CPU
	EndGlobalSection
	GlobalSection(SolutionProperties) = preSolution
		HideSolutionNode = FALSE
	EndGlobalSection
	GlobalSection(ExtensibilityGlobals) = postSolution
		SolutionGuid = {EACA222E-2617-4B32-8791-20B075C230A2}
	EndGlobalSection
EndGlobal
